
Microsoft Visual Studio Solution File, Format Version 12.00
# Visual Studio 14
VisualStudioVersion = 14.0.25420.1
MinimumVisualStudioVersion = 10.0.40219.1
Project("{FAE04EC0-301F-11D3-BF4B-00C04F79EFBC}") = "Console", "Console\Console.csproj", "{B59034C7-9B18-4C30-B5B5-8C7F06CA40E7}"
EndProject
Project("{FAE04EC0-301F-11D3-BF4B-00C04F79EFBC}") = "Library", "Library\Library.csproj", "{C4154D70-8CFF-454C-8545-D27B1A2332AA}"
EndProject
Project("{FAE04EC0-301F-11D3-BF4B-00C04F79EFBC}") = "Context", "Context\Context.csproj", "{69714FBD-C4E7-4937-90D7-D92B44580050}"
EndProject
Global
	GlobalSection(Performance) = preSolution
		HasPerformanceSessions = true
	EndGlobalSection
	GlobalSection(SolutionConfigurationPlatforms) = preSolution
		Debug|Any CPU = Debug|Any CPU
		Release|Any CPU = Release|Any CPU
	EndGlobalSection
	GlobalSection(ProjectConfigurationPlatforms) = postSolution
		{B59034C7-9B18-4C30-B5B5-8C7F06CA40E7}.Debug|Any CPU.ActiveCfg = Debug|Any CPU
		{B59034C7-9B18-4C30-B5B5-8C7F06CA40E7}.Debug|Any CPU.Build.0 = Debug|Any CPU
		{B59034C7-9B18-4C30-B5B5-8C7F06CA40E7}.Release|Any CPU.ActiveCfg = Release|Any CPU
		{B59034C7-9B18-4C30-B5B5-8C7F06CA40E7}.Release|Any CPU.Build.0 = Release|Any CPU
		{C4154D70-8CFF-454C-8545-D27B1A2332AA}.Debug|Any CPU.ActiveCfg = Debug|Any CPU
		{C4154D70-8CFF-454C-8545-D27B1A2332AA}.Debug|Any CPU.Build.0 = Debug|Any CPU
		{C4154D70-8CFF-454C-8545-D27B1A2332AA}.Release|Any CPU.ActiveCfg = Release|Any CPU
		{C4154D70-8CFF-454C-8545-D27B1A2332AA}.Release|Any CPU.Build.0 = Release|Any CPU
		{69714FBD-C4E7-4937-90D7-D92B44580050}.Debug|Any CPU.ActiveCfg = Debug|Any CPU
		{69714FBD-C4E7-4937-90D7-D92B44580050}.Debug|Any CPU.Build.0 = Debug|Any CPU
		{69714FBD-C4E7-4937-90D7-D92B44580050}.Release|Any CPU.ActiveCfg = Release|Any CPU
		{69714FBD-C4E7-4937-90D7-D92B44580050}.Release|Any CPU.Build.0 = Release|Any CPU
	EndGlobalSection
	GlobalSection(SolutionProperties) = preSolution
		HideSolutionNode = FALSE
	EndGlobalSection
EndGlobal
